schema: '2.0'
stages:
  train:
    cmd: python train_tensorflow.py
    deps:
    - path: data
      md5: 21060888834f7220846d1c6f6c04e649.dir
      size: 64128504
      nfiles: 2800
    - path: train_tensorflow.py
      md5: 7387be29394671d4600ad5b455492aef
      size: 3332
    outs:
    - path: bottleneck_features_train.npy
      md5: 3b5b7ce29e89d7656feba22e57b295da
      size: 65536128
    - path: bottleneck_features_validation.npy
      md5: 3377642a1a415086211ac22722aa6336
      size: 26214528
    - path: metrics.csv
      md5: 6ff72b0e3767f65427151d15268d5bdd
      size: 840
    - path: model.h5
      md5: 7c5f6cbcd3b908965daf4cbd13e53844
      size: 8406200
