schema: '2.0'
stages:
  train:
    cmd: python src/train_tensorflow.py features/
    deps:
    - path: features/
      md5: fa00b01917890b9f14ea4854d6bba04b.dir
      size: 91750656
      nfiles: 2
    - path: src/train_tensorflow.py
      md5: 5ae5c421e218a4d4d9e3ad75dd6fc914
      size: 2370
    params:
      params.yaml:
        featurize.batch_size: 10
        featurize.nb_validation_samples: 800
        train.epochs: 100
    outs:
    - path: evaluation.json
      md5: a748ee6ded1f96e0c19806b08406bff5
      size: 212
    - path: model.h5
      md5: 7581f7688538b3fc146f4f95b75e79cf
      size: 8406200
  featurize:
    cmd: python src/featurization.py data/
    deps:
    - path: data/
      md5: 21060888834f7220846d1c6f6c04e649.dir
      size: 64128504
      nfiles: 2800
    - path: src/featurization.py
      md5: fa0117b86a0da4cbe91b21bcc226a2b1
      size: 2387
    params:
      params.yaml:
        featurize.batch_size: 10
        featurize.img_height: 150
        featurize.img_width: 150
        featurize.nb_validation_samples: 800
    outs:
    - path: features/
      md5: fa00b01917890b9f14ea4854d6bba04b.dir
      size: 91750656
      nfiles: 2
